
Microsoft Visual Studio Solution File, Format Version 10.00
# Visual Studio 2008
Project("{2150E333-8FDC-42A3-9474-1A3956D46DE8}") = "Plugins", "Plugins", "{682F172B-381E-4DF8-AFC7-3A75E92B7A91}"
EndProject
Project("{2150E333-8FDC-42A3-9474-1A3956D46DE8}") = "Demos", "Demos", "{CE0ECCD8-BC7C-4F8D-A22B-48E667FA43AE}"
EndProject
Project("{8BC9CEB8-8B4A-11D0-8D11-00A0C91BC942}") = "vektrix", "lib\scripts\vektrix.vcproj", "{D1476AEC-1BD0-4C99-9726-6B1F09FA72F6}"
EndProject
Project("{8BC9CEB8-8B4A-11D0-8D11-00A0C91BC942}") = "vektrix_SwfPlugin", "plugins\SwfPlugin\scripts\vektrix_SwfPlugin.vcproj", "{73342FD9-94BA-484C-85FD-0FDEB0DD56ED}"
	ProjectSection(ProjectDependencies) = postProject
		{D1476AEC-1BD0-4C99-9726-6B1F09FA72F6} = {D1476AEC-1BD0-4C99-9726-6B1F09FA72F6}
	EndProjectSection
EndProject
Project("{8BC9CEB8-8B4A-11D0-8D11-00A0C91BC942}") = "vektrix_OgrePlugin", "plugins\OgrePlugin\scripts\vektrix_OgrePlugin.vcproj", "{6D274FC6-C549-4224-AE60-1677AEE8824C}"
	ProjectSection(ProjectDependencies) = postProject
		{D1476AEC-1BD0-4C99-9726-6B1F09FA72F6} = {D1476AEC-1BD0-4C99-9726-6B1F09FA72F6}
	EndProjectSection
EndProject
Project("{8BC9CEB8-8B4A-11D0-8D11-00A0C91BC942}") = "vektrix_Ogre3D_Demo", "demos\Ogre3D\scripts\vektrix_Ogre3D_Demo.vcproj", "{D8141219-3E74-46F9-909C-0D3605746A4B}"
	ProjectSection(ProjectDependencies) = postProject
		{D1476AEC-1BD0-4C99-9726-6B1F09FA72F6} = {D1476AEC-1BD0-4C99-9726-6B1F09FA72F6}
	EndProjectSection
EndProject
Project("{8BC9CEB8-8B4A-11D0-8D11-00A0C91BC942}") = "vektrix_AS3Plugin", "plugins\AS3Plugin\scripts\vektrix_AS3Plugin.vcproj", "{55423201-D3E3-4B52-9E3D-C9491CE82731}"
	ProjectSection(ProjectDependencies) = postProject
		{D1476AEC-1BD0-4C99-9726-6B1F09FA72F6} = {D1476AEC-1BD0-4C99-9726-6B1F09FA72F6}
	EndProjectSection
EndProject
Global
	GlobalSection(SolutionConfigurationPlatforms) = preSolution
		Debug|Win32 = Debug|Win32
		Release|Win32 = Release|Win32
	EndGlobalSection
	GlobalSection(ProjectConfigurationPlatforms) = postSolution
		{D1476AEC-1BD0-4C99-9726-6B1F09FA72F6}.Debug|Win32.ActiveCfg = Debug|Win32
		{D1476AEC-1BD0-4C99-9726-6B1F09FA72F6}.Debug|Win32.Build.0 = Debug|Win32
		{D1476AEC-1BD0-4C99-9726-6B1F09FA72F6}.Release|Win32.ActiveCfg = Release|Win32
		{D1476AEC-1BD0-4C99-9726-6B1F09FA72F6}.Release|Win32.Build.0 = Release|Win32
		{73342FD9-94BA-484C-85FD-0FDEB0DD56ED}.Debug|Win32.ActiveCfg = Debug|Win32
		{73342FD9-94BA-484C-85FD-0FDEB0DD56ED}.Debug|Win32.Build.0 = Debug|Win32
		{73342FD9-94BA-484C-85FD-0FDEB0DD56ED}.Release|Win32.ActiveCfg = Release|Win32
		{73342FD9-94BA-484C-85FD-0FDEB0DD56ED}.Release|Win32.Build.0 = Release|Win32
		{6D274FC6-C549-4224-AE60-1677AEE8824C}.Debug|Win32.ActiveCfg = Debug|Win32
		{6D274FC6-C549-4224-AE60-1677AEE8824C}.Debug|Win32.Build.0 = Debug|Win32
		{6D274FC6-C549-4224-AE60-1677AEE8824C}.Release|Win32.ActiveCfg = Release|Win32
		{6D274FC6-C549-4224-AE60-1677AEE8824C}.Release|Win32.Build.0 = Release|Win32
		{D8141219-3E74-46F9-909C-0D3605746A4B}.Debug|Win32.ActiveCfg = Debug|Win32
		{D8141219-3E74-46F9-909C-0D3605746A4B}.Debug|Win32.Build.0 = Debug|Win32
		{D8141219-3E74-46F9-909C-0D3605746A4B}.Release|Win32.ActiveCfg = Release|Win32
		{D8141219-3E74-46F9-909C-0D3605746A4B}.Release|Win32.Build.0 = Release|Win32
		{55423201-D3E3-4B52-9E3D-C9491CE82731}.Debug|Win32.ActiveCfg = Debug|Win32
		{55423201-D3E3-4B52-9E3D-C9491CE82731}.Debug|Win32.Build.0 = Debug|Win32
		{55423201-D3E3-4B52-9E3D-C9491CE82731}.Release|Win32.ActiveCfg = Release|Win32
		{55423201-D3E3-4B52-9E3D-C9491CE82731}.Release|Win32.Build.0 = Release|Win32
	EndGlobalSection
	GlobalSection(SolutionProperties) = preSolution
		HideSolutionNode = FALSE
	EndGlobalSection
	GlobalSection(NestedProjects) = preSolution
		{73342FD9-94BA-484C-85FD-0FDEB0DD56ED} = {682F172B-381E-4DF8-AFC7-3A75E92B7A91}
		{6D274FC6-C549-4224-AE60-1677AEE8824C} = {682F172B-381E-4DF8-AFC7-3A75E92B7A91}
		{55423201-D3E3-4B52-9E3D-C9491CE82731} = {682F172B-381E-4DF8-AFC7-3A75E92B7A91}
		{D8141219-3E74-46F9-909C-0D3605746A4B} = {CE0ECCD8-BC7C-4F8D-A22B-48E667FA43AE}
	EndGlobalSection
EndGlobal
