
Microsoft Visual Studio Solution File, Format Version 10.00
# Visual Studio 2008
Project("{2150E333-8FDC-42A3-9474-1A3956D46DE8}") = "Plugins", "Plugins", "{682F172B-381E-4DF8-AFC7-3A75E92B7A91}"
EndProject
Project("{2150E333-8FDC-42A3-9474-1A3956D46DE8}") = "Demos", "Demos", "{CE0ECCD8-BC7C-4F8D-A22B-48E667FA43AE}"
EndProject
Project("{8BC9CEB8-8B4A-11D0-8D11-00A0C91BC942}") = "vektrix", "lib\scripts\vektrix.vcproj", "{D1476AEC-1BD0-4C99-9726-6B1F09FA72F6}"
EndProject
Project("{8BC9CEB8-8B4A-11D0-8D11-00A0C91BC942}") = "vektrix_SwfPlugin", "plugins\SwfPlugin\scripts\vektrix_SwfPlugin.vcproj", "{73342FD9-94BA-484C-85FD-0FDEB0DD56ED}"
	ProjectSection(ProjectDependencies) = postProject
		{D1476AEC-1BD0-4C99-9726-6B1F09FA72F6} = {D1476AEC-1BD0-4C99-9726-6B1F09FA72F6}
	EndProjectSection
EndProject
Project("{8BC9CEB8-8B4A-11D0-8D11-00A0C91BC942}") = "vektrix_OgrePlugin", "plugins\OgrePlugin\scripts\vektrix_OgrePlugin.vcproj", "{6D274FC6-C549-4224-AE60-1677AEE8824C}"
	ProjectSection(ProjectDependencies) = postProject
		{D1476AEC-1BD0-4C99-9726-6B1F09FA72F6} = {D1476AEC-1BD0-4C99-9726-6B1F09FA72F6}
	EndProjectSection
EndProject
Project("{8BC9CEB8-8B4A-11D0-8D11-00A0C91BC942}") = "vektrix_Ogre3D_Demo", "demos\Ogre3D\scripts\vektrix_Ogre3D_Demo.vcproj", "{D8141219-3E74-46F9-909C-0D3605746A4B}"
	ProjectSection(ProjectDependencies) = postProject
		{B436413D-0165-4CDB-8C28-5E199D6FB674} = {B436413D-0165-4CDB-8C28-5E199D6FB674}
		{7B6D4040-A021-40AC-8901-D74154129BF5} = {7B6D4040-A021-40AC-8901-D74154129BF5}
		{52E92B5B-23DB-4FFC-930E-00B50CA25555} = {52E92B5B-23DB-4FFC-930E-00B50CA25555}
		{15CE5584-1D5A-4685-8F67-9861086FE17F} = {15CE5584-1D5A-4685-8F67-9861086FE17F}
		{81DBC4DD-B89A-4151-8A06-5F95C0527CDF} = {81DBC4DD-B89A-4151-8A06-5F95C0527CDF}
		{9791D3DE-BC8E-4A89-BC24-2FEF170B3CEF} = {9791D3DE-BC8E-4A89-BC24-2FEF170B3CEF}
		{D1476AEC-1BD0-4C99-9726-6B1F09FA72F6} = {D1476AEC-1BD0-4C99-9726-6B1F09FA72F6}
	EndProjectSection
EndProject
Project("{8BC9CEB8-8B4A-11D0-8D11-00A0C91BC942}") = "vektrix_AS3Plugin", "plugins\AS3Plugin\scripts\vektrix_AS3Plugin.vcproj", "{55423201-D3E3-4B52-9E3D-C9491CE82731}"
	ProjectSection(ProjectDependencies) = postProject
		{D1476AEC-1BD0-4C99-9726-6B1F09FA72F6} = {D1476AEC-1BD0-4C99-9726-6B1F09FA72F6}
	EndProjectSection
EndProject
Project("{8BC9CEB8-8B4A-11D0-8D11-00A0C91BC942}") = "vektrix_XmlPlugin", "plugins\XmlPlugin\scripts\vektrix_XmlPlugin.vcproj", "{946566C2-6253-48F5-A62E-3C5D4985F31B}"
	ProjectSection(ProjectDependencies) = postProject
		{D1476AEC-1BD0-4C99-9726-6B1F09FA72F6} = {D1476AEC-1BD0-4C99-9726-6B1F09FA72F6}
	EndProjectSection
EndProject
Project("{8BC9CEB8-8B4A-11D0-8D11-00A0C91BC942}") = "vektrix_static", "lib\scripts\vektrix_static.vcproj", "{52E92B5B-23DB-4FFC-930E-00B50CA25555}"
EndProject
Project("{2150E333-8FDC-42A3-9474-1A3956D46DE8}") = "DLL", "DLL", "{FEFBFCBF-3857-471E-8A0B-A6F738BE5EF2}"
EndProject
Project("{2150E333-8FDC-42A3-9474-1A3956D46DE8}") = "STATIC", "STATIC", "{5FB9892A-5BC8-478E-ADEA-886F8E6DAB58}"
EndProject
Project("{2150E333-8FDC-42A3-9474-1A3956D46DE8}") = "Plugins", "Plugins", "{B7977B22-82D3-4E1E-BEC2-876441904976}"
EndProject
Project("{8BC9CEB8-8B4A-11D0-8D11-00A0C91BC942}") = "vektrix_AS3Plugin_static", "plugins\AS3Plugin\scripts\vektrix_AS3Plugin_static.vcproj", "{B436413D-0165-4CDB-8C28-5E199D6FB674}"
EndProject
Project("{8BC9CEB8-8B4A-11D0-8D11-00A0C91BC942}") = "vektrix_OgrePlugin_static", "plugins\OgrePlugin\scripts\vektrix_OgrePlugin_static.vcproj", "{7B6D4040-A021-40AC-8901-D74154129BF5}"
EndProject
Project("{8BC9CEB8-8B4A-11D0-8D11-00A0C91BC942}") = "vektrix_SwfPlugin_static", "plugins\SwfPlugin\scripts\vektrix_SwfPlugin_static.vcproj", "{15CE5584-1D5A-4685-8F67-9861086FE17F}"
EndProject
Project("{8BC9CEB8-8B4A-11D0-8D11-00A0C91BC942}") = "vektrix_XmlPlugin_static", "plugins\XmlPlugin\scripts\vektrix_XmlPlugin_static.vcproj", "{9791D3DE-BC8E-4A89-BC24-2FEF170B3CEF}"
EndProject
Project("{8BC9CEB8-8B4A-11D0-8D11-00A0C91BC942}") = "vektrix_CairoPlugin", "plugins\CairoPlugin\scripts\vektrix_CairoPlugin.vcproj", "{A7946863-0B1F-40AE-88FD-E21F6FB3EEEF}"
	ProjectSection(ProjectDependencies) = postProject
		{D1476AEC-1BD0-4C99-9726-6B1F09FA72F6} = {D1476AEC-1BD0-4C99-9726-6B1F09FA72F6}
	EndProjectSection
EndProject
Project("{8BC9CEB8-8B4A-11D0-8D11-00A0C91BC942}") = "vektrix_CairoPlugin_static", "plugins\CairoPlugin\scripts\vektrix_CairoPlugin_static.vcproj", "{81DBC4DD-B89A-4151-8A06-5F95C0527CDF}"
EndProject
Global
	GlobalSection(SolutionConfigurationPlatforms) = preSolution
		Debug|Win32 = Debug|Win32
		Release|Win32 = Release|Win32
	EndGlobalSection
	GlobalSection(ProjectConfigurationPlatforms) = postSolution
		{D1476AEC-1BD0-4C99-9726-6B1F09FA72F6}.Debug|Win32.ActiveCfg = Debug|Win32
		{D1476AEC-1BD0-4C99-9726-6B1F09FA72F6}.Debug|Win32.Build.0 = Debug|Win32
		{D1476AEC-1BD0-4C99-9726-6B1F09FA72F6}.Release|Win32.ActiveCfg = Release|Win32
		{D1476AEC-1BD0-4C99-9726-6B1F09FA72F6}.Release|Win32.Build.0 = Release|Win32
		{73342FD9-94BA-484C-85FD-0FDEB0DD56ED}.Debug|Win32.ActiveCfg = Debug|Win32
		{73342FD9-94BA-484C-85FD-0FDEB0DD56ED}.Debug|Win32.Build.0 = Debug|Win32
		{73342FD9-94BA-484C-85FD-0FDEB0DD56ED}.Release|Win32.ActiveCfg = Release|Win32
		{73342FD9-94BA-484C-85FD-0FDEB0DD56ED}.Release|Win32.Build.0 = Release|Win32
		{6D274FC6-C549-4224-AE60-1677AEE8824C}.Debug|Win32.ActiveCfg = Debug|Win32
		{6D274FC6-C549-4224-AE60-1677AEE8824C}.Debug|Win32.Build.0 = Debug|Win32
		{6D274FC6-C549-4224-AE60-1677AEE8824C}.Release|Win32.ActiveCfg = Release|Win32
		{6D274FC6-C549-4224-AE60-1677AEE8824C}.Release|Win32.Build.0 = Release|Win32
		{D8141219-3E74-46F9-909C-0D3605746A4B}.Debug|Win32.ActiveCfg = Debug|Win32
		{D8141219-3E74-46F9-909C-0D3605746A4B}.Debug|Win32.Build.0 = Debug|Win32
		{D8141219-3E74-46F9-909C-0D3605746A4B}.Release|Win32.ActiveCfg = Release|Win32
		{D8141219-3E74-46F9-909C-0D3605746A4B}.Release|Win32.Build.0 = Release|Win32
		{55423201-D3E3-4B52-9E3D-C9491CE82731}.Debug|Win32.ActiveCfg = Debug|Win32
		{55423201-D3E3-4B52-9E3D-C9491CE82731}.Debug|Win32.Build.0 = Debug|Win32
		{55423201-D3E3-4B52-9E3D-C9491CE82731}.Release|Win32.ActiveCfg = Release|Win32
		{55423201-D3E3-4B52-9E3D-C9491CE82731}.Release|Win32.Build.0 = Release|Win32
		{946566C2-6253-48F5-A62E-3C5D4985F31B}.Debug|Win32.ActiveCfg = Debug|Win32
		{946566C2-6253-48F5-A62E-3C5D4985F31B}.Debug|Win32.Build.0 = Debug|Win32
		{946566C2-6253-48F5-A62E-3C5D4985F31B}.Release|Win32.ActiveCfg = Release|Win32
		{946566C2-6253-48F5-A62E-3C5D4985F31B}.Release|Win32.Build.0 = Release|Win32
		{52E92B5B-23DB-4FFC-930E-00B50CA25555}.Debug|Win32.ActiveCfg = Debug|Win32
		{52E92B5B-23DB-4FFC-930E-00B50CA25555}.Debug|Win32.Build.0 = Debug|Win32
		{52E92B5B-23DB-4FFC-930E-00B50CA25555}.Release|Win32.ActiveCfg = Release|Win32
		{52E92B5B-23DB-4FFC-930E-00B50CA25555}.Release|Win32.Build.0 = Release|Win32
		{B436413D-0165-4CDB-8C28-5E199D6FB674}.Debug|Win32.ActiveCfg = Debug|Win32
		{B436413D-0165-4CDB-8C28-5E199D6FB674}.Debug|Win32.Build.0 = Debug|Win32
		{B436413D-0165-4CDB-8C28-5E199D6FB674}.Release|Win32.ActiveCfg = Release|Win32
		{B436413D-0165-4CDB-8C28-5E199D6FB674}.Release|Win32.Build.0 = Release|Win32
		{7B6D4040-A021-40AC-8901-D74154129BF5}.Debug|Win32.ActiveCfg = Debug|Win32
		{7B6D4040-A021-40AC-8901-D74154129BF5}.Debug|Win32.Build.0 = Debug|Win32
		{7B6D4040-A021-40AC-8901-D74154129BF5}.Release|Win32.ActiveCfg = Release|Win32
		{7B6D4040-A021-40AC-8901-D74154129BF5}.Release|Win32.Build.0 = Release|Win32
		{15CE5584-1D5A-4685-8F67-9861086FE17F}.Debug|Win32.ActiveCfg = Debug|Win32
		{15CE5584-1D5A-4685-8F67-9861086FE17F}.Debug|Win32.Build.0 = Debug|Win32
		{15CE5584-1D5A-4685-8F67-9861086FE17F}.Release|Win32.ActiveCfg = Release|Win32
		{15CE5584-1D5A-4685-8F67-9861086FE17F}.Release|Win32.Build.0 = Release|Win32
		{9791D3DE-BC8E-4A89-BC24-2FEF170B3CEF}.Debug|Win32.ActiveCfg = Debug|Win32
		{9791D3DE-BC8E-4A89-BC24-2FEF170B3CEF}.Debug|Win32.Build.0 = Debug|Win32
		{9791D3DE-BC8E-4A89-BC24-2FEF170B3CEF}.Release|Win32.ActiveCfg = Release|Win32
		{9791D3DE-BC8E-4A89-BC24-2FEF170B3CEF}.Release|Win32.Build.0 = Release|Win32
		{A7946863-0B1F-40AE-88FD-E21F6FB3EEEF}.Debug|Win32.ActiveCfg = Debug|Win32
		{A7946863-0B1F-40AE-88FD-E21F6FB3EEEF}.Debug|Win32.Build.0 = Debug|Win32
		{A7946863-0B1F-40AE-88FD-E21F6FB3EEEF}.Release|Win32.ActiveCfg = Release|Win32
		{A7946863-0B1F-40AE-88FD-E21F6FB3EEEF}.Release|Win32.Build.0 = Release|Win32
		{81DBC4DD-B89A-4151-8A06-5F95C0527CDF}.Debug|Win32.ActiveCfg = Debug|Win32
		{81DBC4DD-B89A-4151-8A06-5F95C0527CDF}.Debug|Win32.Build.0 = Debug|Win32
		{81DBC4DD-B89A-4151-8A06-5F95C0527CDF}.Release|Win32.ActiveCfg = Release|Win32
		{81DBC4DD-B89A-4151-8A06-5F95C0527CDF}.Release|Win32.Build.0 = Release|Win32
	EndGlobalSection
	GlobalSection(SolutionProperties) = preSolution
		HideSolutionNode = FALSE
	EndGlobalSection
	GlobalSection(NestedProjects) = preSolution
		{D1476AEC-1BD0-4C99-9726-6B1F09FA72F6} = {FEFBFCBF-3857-471E-8A0B-A6F738BE5EF2}
		{682F172B-381E-4DF8-AFC7-3A75E92B7A91} = {FEFBFCBF-3857-471E-8A0B-A6F738BE5EF2}
		{D8141219-3E74-46F9-909C-0D3605746A4B} = {CE0ECCD8-BC7C-4F8D-A22B-48E667FA43AE}
		{6D274FC6-C549-4224-AE60-1677AEE8824C} = {682F172B-381E-4DF8-AFC7-3A75E92B7A91}
		{55423201-D3E3-4B52-9E3D-C9491CE82731} = {682F172B-381E-4DF8-AFC7-3A75E92B7A91}
		{946566C2-6253-48F5-A62E-3C5D4985F31B} = {682F172B-381E-4DF8-AFC7-3A75E92B7A91}
		{73342FD9-94BA-484C-85FD-0FDEB0DD56ED} = {682F172B-381E-4DF8-AFC7-3A75E92B7A91}
		{A7946863-0B1F-40AE-88FD-E21F6FB3EEEF} = {682F172B-381E-4DF8-AFC7-3A75E92B7A91}
		{52E92B5B-23DB-4FFC-930E-00B50CA25555} = {5FB9892A-5BC8-478E-ADEA-886F8E6DAB58}
		{B7977B22-82D3-4E1E-BEC2-876441904976} = {5FB9892A-5BC8-478E-ADEA-886F8E6DAB58}
		{B436413D-0165-4CDB-8C28-5E199D6FB674} = {B7977B22-82D3-4E1E-BEC2-876441904976}
		{7B6D4040-A021-40AC-8901-D74154129BF5} = {B7977B22-82D3-4E1E-BEC2-876441904976}
		{15CE5584-1D5A-4685-8F67-9861086FE17F} = {B7977B22-82D3-4E1E-BEC2-876441904976}
		{9791D3DE-BC8E-4A89-BC24-2FEF170B3CEF} = {B7977B22-82D3-4E1E-BEC2-876441904976}
		{81DBC4DD-B89A-4151-8A06-5F95C0527CDF} = {B7977B22-82D3-4E1E-BEC2-876441904976}
	EndGlobalSection
EndGlobal
